
Microsoft Visual Studio Solution File, Format Version 12.00
# Visual Studio Version 16
VisualStudioVersion = 16.0.29403.142
MinimumVisualStudioVersion = 10.0.40219.1
Project("{9A19103F-16F7-4668-BE54-9A1E7A4F7556}") = "ParseTo", "src\ParseTo.csproj", "{FC719562-F795-4C93-B989-E59CF9C2362C}"
EndProject
Project("{2150E333-8FDC-42A3-9474-1A3956D46DE8}") = "Tests", "Tests", "{4E6EB147-D05B-4051-8645-06CDE4E8A490}"
EndProject
Project("{9A19103F-16F7-4668-BE54-9A1E7A4F7556}") = "ParseTo.UnitTests", "tests\ParseTo.UnitTests.csproj", "{4F6CF280-4FE7-4CF8-B87D-B178BAC0857B}"
EndProject
Global
	GlobalSection(SolutionConfigurationPlatforms) = preSolution
		Debug|Any CPU = Debug|Any CPU
		Release|Any CPU = Release|Any CPU
	EndGlobalSection
	GlobalSection(ProjectConfigurationPlatforms) = postSolution
		{FC719562-F795-4C93-B989-E59CF9C2362C}.Debug|Any CPU.ActiveCfg = Debug|Any CPU
		{FC719562-F795-4C93-B989-E59CF9C2362C}.Debug|Any CPU.Build.0 = Debug|Any CPU
		{FC719562-F795-4C93-B989-E59CF9C2362C}.Release|Any CPU.ActiveCfg = Release|Any CPU
		{FC719562-F795-4C93-B989-E59CF9C2362C}.Release|Any CPU.Build.0 = Release|Any CPU
		{4F6CF280-4FE7-4CF8-B87D-B178BAC0857B}.Debug|Any CPU.ActiveCfg = Debug|Any CPU
		{4F6CF280-4FE7-4CF8-B87D-B178BAC0857B}.Debug|Any CPU.Build.0 = Debug|Any CPU
		{4F6CF280-4FE7-4CF8-B87D-B178BAC0857B}.Release|Any CPU.ActiveCfg = Release|Any CPU
		{4F6CF280-4FE7-4CF8-B87D-B178BAC0857B}.Release|Any CPU.Build.0 = Release|Any CPU
	EndGlobalSection
	GlobalSection(SolutionProperties) = preSolution
		HideSolutionNode = FALSE
	EndGlobalSection
	GlobalSection(NestedProjects) = preSolution
		{4F6CF280-4FE7-4CF8-B87D-B178BAC0857B} = {4E6EB147-D05B-4051-8645-06CDE4E8A490}
	EndGlobalSection
	GlobalSection(ExtensibilityGlobals) = postSolution
		SolutionGuid = {7306812E-A79F-4DBE-880F-FC98CC6D1DAF}
	EndGlobalSection
EndGlobal
